
Microsoft Visual Studio Solution File, Format Version 12.00
# Visual Studio Version 16
VisualStudioVersion = 16.0.31205.134
MinimumVisualStudioVersion = 10.0.40219.1
Project("{2150E333-8FDC-42A3-9474-1A3956D46DE8}") = "Rational", "Rational", "{027FD5F2-4354-4C88-A0F5-D5144C89B7C5}"
EndProject
Project("{2150E333-8FDC-42A3-9474-1A3956D46DE8}") = "Integer", "Integer", "{E6BF647E-8AB9-48A7-B03E-8D5D4B1A649C}"
EndProject
Project("{2150E333-8FDC-42A3-9474-1A3956D46DE8}") = "Polynomials", "Polynomials", "{A7419C92-7AC3-4ECB-9253-D360809082FD}"
EndProject
Project("{2150E333-8FDC-42A3-9474-1A3956D46DE8}") = "Natural", "Natural", "{26F518D1-17C5-419A-BA4D-FA5BEA59E719}"
EndProject
Project("{8BC9CEB8-8B4A-11D0-8D11-00A0C91BC942}") = "ABS_Z_N", "Integer numbers\ABS_Z_N\ABS_Z_N.vcxproj", "{70FC7154-6E89-4A18-AF39-0F24E39C81CD}"
EndProject
Project("{8BC9CEB8-8B4A-11D0-8D11-00A0C91BC942}") = "ADD_ZZ_Z", "Integer numbers\ADD_ZZ_Z\ADD_ZZ_Z.vcxproj", "{34B2B752-93E3-489A-B645-6FD63D9E4D14}"
EndProject
Project("{8BC9CEB8-8B4A-11D0-8D11-00A0C91BC942}") = "DIV_ZZ_Z", "Integer numbers\DIV_ZZ_Z\DIV_ZZ_Z.vcxproj", "{D179D086-F88A-45B6-A63A-BE3B18FDB59A}"
EndProject
Project("{8BC9CEB8-8B4A-11D0-8D11-00A0C91BC942}") = "MOD_ZZ_Z", "Integer numbers\MOD_ZZ_Z\MOD_ZZ_Z.vcxproj", "{D567B7AE-8661-4A7C-8E83-C177F6B44C56}"
EndProject
Project("{8BC9CEB8-8B4A-11D0-8D11-00A0C91BC942}") = "MUL_ZM_Z", "Integer numbers\MUL_ZM_Z\MUL_ZM_Z.vcxproj", "{BF512C55-F649-4ED5-8DC1-BAFEFFB24798}"
EndProject
Project("{8BC9CEB8-8B4A-11D0-8D11-00A0C91BC942}") = "MUL_ZZ_Z", "Integer numbers\MUL_ZZ_Z\MUL_ZZ_Z.vcxproj", "{BA2D42B1-7A56-4251-9DC3-59DE444754FC}"
EndProject
Project("{8BC9CEB8-8B4A-11D0-8D11-00A0C91BC942}") = "POZ_Z_D", "Integer numbers\POZ_Z_D\POZ_Z_D.vcxproj", "{B70A4743-853D-443F-9E5D-126569AE0170}"
EndProject
Project("{8BC9CEB8-8B4A-11D0-8D11-00A0C91BC942}") = "SUB_ZZ_Z", "Integer numbers\SUB_ZZ_Z\SUB_ZZ_Z.vcxproj", "{36EA4205-B780-442A-A2C9-090AD69B0809}"
EndProject
Project("{8BC9CEB8-8B4A-11D0-8D11-00A0C91BC942}") = "TRANS_N_Z", "Integer numbers\TRANS_N_Z\TRANS_N_Z.vcxproj", "{4344C533-1C29-409F-A781-734407C39726}"
EndProject
Project("{8BC9CEB8-8B4A-11D0-8D11-00A0C91BC942}") = "TRANS_Z_N", "Integer numbers\TRANS_Z_N\TRANS_Z_N.vcxproj", "{6598FB49-D41A-40A2-8A99-7D1A4AACA3F3}"
EndProject
Project("{8BC9CEB8-8B4A-11D0-8D11-00A0C91BC942}") = "ADD_1N_N", "Natural numbers with null\ADD_1N_N\ADD_1N_N.vcxproj", "{DE2446EE-82D8-4947-8584-F0C7FD09B520}"
EndProject
Project("{8BC9CEB8-8B4A-11D0-8D11-00A0C91BC942}") = "ADD_NN_N", "Natural numbers with null\ADD_NN_N\ADD_NN_N.vcxproj", "{00EB0BEA-9CCF-44D6-9F66-CEA59A60B029}"
EndProject
Project("{8BC9CEB8-8B4A-11D0-8D11-00A0C91BC942}") = "COM_NN_D", "Natural numbers with null\COM_NN_D\COM_NN_D.vcxproj", "{E77B42AC-422E-4129-AFEA-C201C75F7664}"
EndProject
Project("{8BC9CEB8-8B4A-11D0-8D11-00A0C91BC942}") = "DIV_NN_Dk", "Natural numbers with null\DIV_NN_Dk\DIV_NN_Dk.vcxproj", "{887FA47C-1EE6-4375-9B6E-2BD3470A4769}"
EndProject
Project("{8BC9CEB8-8B4A-11D0-8D11-00A0C91BC942}") = "DIV_NN_N", "Natural numbers with null\DIV_NN_N\DIV_NN_N.vcxproj", "{9E57DC7E-BA79-4518-9626-292826A8FFA7}"
EndProject
Project("{8BC9CEB8-8B4A-11D0-8D11-00A0C91BC942}") = "GCF_NN_N", "Natural numbers with null\GCF_NN_N\GCF_NN_N.vcxproj", "{F07D761D-366F-4EFB-8F58-BAC07BFAD513}"
EndProject
Project("{8BC9CEB8-8B4A-11D0-8D11-00A0C91BC942}") = "LCM_NN_N", "Natural numbers with null\LCM_NN_N\LCM_NN_N.vcxproj", "{B567A06F-64A3-4B8B-803C-4468A01B2870}"
EndProject
Project("{8BC9CEB8-8B4A-11D0-8D11-00A0C91BC942}") = "MOD_NN_N", "Natural numbers with null\MOD_NN_N\MOD_NN_N.vcxproj", "{861CA5DB-78CC-4423-AB5B-79AE96F87BF0}"
EndProject
Project("{8BC9CEB8-8B4A-11D0-8D11-00A0C91BC942}") = "MUL_ND_N", "Natural numbers with null\MUL_ND_N\MUL_ND_N.vcxproj", "{C5D7B588-8A21-4E1F-8DCD-8D82799ABE38}"
EndProject
Project("{8BC9CEB8-8B4A-11D0-8D11-00A0C91BC942}") = "MUL_Nk_N", "Natural numbers with null\MUL_Nk_N\MUL_Nk_N.vcxproj", "{6FED1150-6823-40E6-89CE-2B449FD5FB58}"
EndProject
Project("{8BC9CEB8-8B4A-11D0-8D11-00A0C91BC942}") = "MUL_NN_N", "Natural numbers with null\MUL_NN_N\MUL_NN_N.vcxproj", "{7C4F7DF1-5667-480F-8FF0-5D63A4101B32}"
EndProject
Project("{8BC9CEB8-8B4A-11D0-8D11-00A0C91BC942}") = "NZER_N_B", "Natural numbers with null\NZER_N_B\NZER_N_B.vcxproj", "{B7413F32-D400-43B5-BBA6-B048EE39723A}"
EndProject
Project("{8BC9CEB8-8B4A-11D0-8D11-00A0C91BC942}") = "SUB_NDN_N", "Natural numbers with null\SUB_NDN_N\SUB_NDN_N.vcxproj", "{EF753106-A029-4230-8A4F-1550354FBFEB}"
EndProject
Project("{8BC9CEB8-8B4A-11D0-8D11-00A0C91BC942}") = "SUB_NN_N", "Natural numbers with null\SUB_NN_N\SUB_NN_N.vcxproj", "{18B90E35-6833-46FC-B870-A98D650F0217}"
EndProject
Project("{8BC9CEB8-8B4A-11D0-8D11-00A0C91BC942}") = "ADD_PP_P", "Polynomials\ADD_PP_P\ADD_PP_P.vcxproj", "{F90D9186-E7F2-4A18-9026-E87385201973}"
EndProject
Project("{8BC9CEB8-8B4A-11D0-8D11-00A0C91BC942}") = "DEG_P_N", "Polynomials\DEG_P_N\DEG_P_N.vcxproj", "{EC828F83-E7E0-4D72-843C-B228CCD5CA47}"
EndProject
Project("{8BC9CEB8-8B4A-11D0-8D11-00A0C91BC942}") = "DER_P_P", "Polynomials\DER_P_P\DER_P_P.vcxproj", "{603B09A0-01C9-4D89-B3A8-8E55FA488EA1}"
EndProject
Project("{8BC9CEB8-8B4A-11D0-8D11-00A0C91BC942}") = "DIV_PP_P", "Polynomials\DIV_PP_P\DIV_PP_P.vcxproj", "{F52AFFEB-E614-4B0E-8F0C-C0702F3B5749}"
EndProject
Project("{8BC9CEB8-8B4A-11D0-8D11-00A0C91BC942}") = "FAC_P_Q", "Polynomials\FAC_P_Q\FAC_P_Q.vcxproj", "{57EC9F1B-9024-4F40-82E5-7C9AA738E951}"
EndProject
Project("{8BC9CEB8-8B4A-11D0-8D11-00A0C91BC942}") = "GCF_PP_P", "Polynomials\GCF_PP_P\GCF_PP_P.vcxproj", "{78552474-B111-4DE9-9231-A8DDFF62B9AB}"
EndProject
Project("{8BC9CEB8-8B4A-11D0-8D11-00A0C91BC942}") = "LED_P_Q", "Polynomials\LED_P_Q\LED_P_Q.vcxproj", "{03262B17-2705-43DF-B666-E67157054490}"
EndProject
Project("{8BC9CEB8-8B4A-11D0-8D11-00A0C91BC942}") = "MOD_PP_P", "Polynomials\MOD_PP_P\MOD_PP_P.vcxproj", "{6A7CF46F-2518-4B6F-AC8A-4BDA2D1C9649}"
EndProject
Project("{8BC9CEB8-8B4A-11D0-8D11-00A0C91BC942}") = "MUL_PP_P", "Polynomials\MUL_PP_P\MUL_PP_P.vcxproj", "{326B5266-6081-43DC-BFBC-AB0DBF6EE4C5}"
EndProject
Project("{8BC9CEB8-8B4A-11D0-8D11-00A0C91BC942}") = "MUL_PQ_P", "Polynomials\MUL_PQ_P\MUL_PQ_P.vcxproj", "{4C17B033-26EB-476C-A9FE-BC14471223FE}"
EndProject
Project("{8BC9CEB8-8B4A-11D0-8D11-00A0C91BC942}") = "MUL_Pxk_P", "Polynomials\MUL_Pxk_P\MUL_Pxk_P.vcxproj", "{8D50D8DC-DEF1-406F-8090-6D0431D4DFF1}"
EndProject
Project("{8BC9CEB8-8B4A-11D0-8D11-00A0C91BC942}") = "NMR_P_P", "Polynomials\NMR_P_P\NMR_P_P.vcxproj", "{F0BA0D73-8A99-40DD-B29C-5A8F56DCD1D7}"
EndProject
Project("{8BC9CEB8-8B4A-11D0-8D11-00A0C91BC942}") = "SUB_PP_P", "Polynomials\SUB_PP_P\SUB_PP_P.vcxproj", "{65300DDC-4042-4B3B-9AF5-70B776F50612}"
EndProject
Project("{8BC9CEB8-8B4A-11D0-8D11-00A0C91BC942}") = "ADD_QQ_Q", "Rational numbers (fractions)\ADD_QQ_Q\ADD_QQ_Q.vcxproj", "{56895C04-800C-4748-92C4-D62924F7940C}"
EndProject
Project("{8BC9CEB8-8B4A-11D0-8D11-00A0C91BC942}") = "DIV_QQ_Q", "Rational numbers (fractions)\DIV_QQ_Q\DIV_QQ_Q.vcxproj", "{53FD710A-0D3E-4E46-B8D3-E8212E89C16F}"
EndProject
Project("{8BC9CEB8-8B4A-11D0-8D11-00A0C91BC942}") = "INT_Q_B", "Rational numbers (fractions)\INT_Q_B\INT_Q_B.vcxproj", "{A8EF7142-A59C-4BB4-AB22-FB47D6316E9E}"
EndProject
Project("{8BC9CEB8-8B4A-11D0-8D11-00A0C91BC942}") = "MUL_QQ_Q", "Rational numbers (fractions)\MUL_QQ_Q\MUL_QQ_Q.vcxproj", "{6D4DE4C1-BA14-4103-8CE0-2E9C86B2CF33}"
EndProject
Project("{8BC9CEB8-8B4A-11D0-8D11-00A0C91BC942}") = "RED_Q_Q", "Rational numbers (fractions)\RED_Q_Q\RED_Q_Q.vcxproj", "{D16FE5CE-003D-47D5-B7EB-B41E10AF8F11}"
EndProject
Project("{8BC9CEB8-8B4A-11D0-8D11-00A0C91BC942}") = "SUB_QQ_Q", "Rational numbers (fractions)\SUB_QQ_Q\SUB_QQ_Q.vcxproj", "{19A3C41B-001A-4840-8805-EA9010FBE61B}"
EndProject
Project("{8BC9CEB8-8B4A-11D0-8D11-00A0C91BC942}") = "TRANS_Q_Z", "Rational numbers (fractions)\TRANS_Q_Z\TRANS_Q_Z.vcxproj", "{3C14FAB4-E7D5-421F-AB41-F80742771808}"
EndProject
Project("{8BC9CEB8-8B4A-11D0-8D11-00A0C91BC942}") = "TRANS_Z_Q", "Rational numbers (fractions)\TRANS_Z_Q\TRANS_Z_Q.vcxproj", "{9F2566DF-9E57-4DF2-B89A-249A22DD78C0}"
EndProject
Project("{8BC9CEB8-8B4A-11D0-8D11-00A0C91BC942}") = "Final_program(build)", "Final_program\Final_program.vcxproj", "{B4E8D4F8-6ADB-43E5-A639-3C6E88EE4EC5}"
EndProject
Project("{8BC9CEB8-8B4A-11D0-8D11-00A0C91BC942}") = "COM_ZZ_B", "COM_ZZ_B\COM_ZZ_B.vcxproj", "{DCFA86A9-D481-4F51-AF9E-8C65A05FF5B7}"
EndProject
Project("{8BC9CEB8-8B4A-11D0-8D11-00A0C91BC942}") = "COM_QQ_B", "COM_QQ_B\COM_QQ_B.vcxproj", "{EE2DFCA0-CD5D-4109-97D5-964403F5B007}"
EndProject
Project("{8BC9CEB8-8B4A-11D0-8D11-00A0C91BC942}") = "COM_PP_B", "COM_PP_B\COM_PP_B.vcxproj", "{E004F414-9073-4C61-9173-C66C92E988F7}"
EndProject
Global
	GlobalSection(SolutionConfigurationPlatforms) = preSolution
		Debug|x64 = Debug|x64
		Debug|x86 = Debug|x86
		Release|x64 = Release|x64
		Release|x86 = Release|x86
	EndGlobalSection
	GlobalSection(ProjectConfigurationPlatforms) = postSolution
		{70FC7154-6E89-4A18-AF39-0F24E39C81CD}.Debug|x64.ActiveCfg = Debug|x64
		{70FC7154-6E89-4A18-AF39-0F24E39C81CD}.Debug|x64.Build.0 = Debug|x64
		{70FC7154-6E89-4A18-AF39-0F24E39C81CD}.Debug|x86.ActiveCfg = Debug|Win32
		{70FC7154-6E89-4A18-AF39-0F24E39C81CD}.Debug|x86.Build.0 = Debug|Win32
		{70FC7154-6E89-4A18-AF39-0F24E39C81CD}.Release|x64.ActiveCfg = Release|x64
		{70FC7154-6E89-4A18-AF39-0F24E39C81CD}.Release|x64.Build.0 = Release|x64
		{70FC7154-6E89-4A18-AF39-0F24E39C81CD}.Release|x86.ActiveCfg = Release|Win32
		{70FC7154-6E89-4A18-AF39-0F24E39C81CD}.Release|x86.Build.0 = Release|Win32
		{34B2B752-93E3-489A-B645-6FD63D9E4D14}.Debug|x64.ActiveCfg = Debug|x64
		{34B2B752-93E3-489A-B645-6FD63D9E4D14}.Debug|x64.Build.0 = Debug|x64
		{34B2B752-93E3-489A-B645-6FD63D9E4D14}.Debug|x86.ActiveCfg = Debug|Win32
		{34B2B752-93E3-489A-B645-6FD63D9E4D14}.Debug|x86.Build.0 = Debug|Win32
		{34B2B752-93E3-489A-B645-6FD63D9E4D14}.Release|x64.ActiveCfg = Release|x64
		{34B2B752-93E3-489A-B645-6FD63D9E4D14}.Release|x64.Build.0 = Release|x64
		{34B2B752-93E3-489A-B645-6FD63D9E4D14}.Release|x86.ActiveCfg = Release|Win32
		{34B2B752-93E3-489A-B645-6FD63D9E4D14}.Release|x86.Build.0 = Release|Win32
		{D179D086-F88A-45B6-A63A-BE3B18FDB59A}.Debug|x64.ActiveCfg = Debug|x64
		{D179D086-F88A-45B6-A63A-BE3B18FDB59A}.Debug|x64.Build.0 = Debug|x64
		{D179D086-F88A-45B6-A63A-BE3B18FDB59A}.Debug|x86.ActiveCfg = Debug|Win32
		{D179D086-F88A-45B6-A63A-BE3B18FDB59A}.Debug|x86.Build.0 = Debug|Win32
		{D179D086-F88A-45B6-A63A-BE3B18FDB59A}.Release|x64.ActiveCfg = Release|x64
		{D179D086-F88A-45B6-A63A-BE3B18FDB59A}.Release|x64.Build.0 = Release|x64
		{D179D086-F88A-45B6-A63A-BE3B18FDB59A}.Release|x86.ActiveCfg = Release|Win32
		{D179D086-F88A-45B6-A63A-BE3B18FDB59A}.Release|x86.Build.0 = Release|Win32
		{D567B7AE-8661-4A7C-8E83-C177F6B44C56}.Debug|x64.ActiveCfg = Debug|x64
		{D567B7AE-8661-4A7C-8E83-C177F6B44C56}.Debug|x64.Build.0 = Debug|x64
		{D567B7AE-8661-4A7C-8E83-C177F6B44C56}.Debug|x86.ActiveCfg = Debug|Win32
		{D567B7AE-8661-4A7C-8E83-C177F6B44C56}.Debug|x86.Build.0 = Debug|Win32
		{D567B7AE-8661-4A7C-8E83-C177F6B44C56}.Release|x64.ActiveCfg = Release|x64
		{D567B7AE-8661-4A7C-8E83-C177F6B44C56}.Release|x64.Build.0 = Release|x64
		{D567B7AE-8661-4A7C-8E83-C177F6B44C56}.Release|x86.ActiveCfg = Release|Win32
		{D567B7AE-8661-4A7C-8E83-C177F6B44C56}.Release|x86.Build.0 = Release|Win32
		{BF512C55-F649-4ED5-8DC1-BAFEFFB24798}.Debug|x64.ActiveCfg = Debug|x64
		{BF512C55-F649-4ED5-8DC1-BAFEFFB24798}.Debug|x64.Build.0 = Debug|x64
		{BF512C55-F649-4ED5-8DC1-BAFEFFB24798}.Debug|x86.ActiveCfg = Debug|Win32
		{BF512C55-F649-4ED5-8DC1-BAFEFFB24798}.Debug|x86.Build.0 = Debug|Win32
		{BF512C55-F649-4ED5-8DC1-BAFEFFB24798}.Release|x64.ActiveCfg = Release|x64
		{BF512C55-F649-4ED5-8DC1-BAFEFFB24798}.Release|x64.Build.0 = Release|x64
		{BF512C55-F649-4ED5-8DC1-BAFEFFB24798}.Release|x86.ActiveCfg = Release|Win32
		{BF512C55-F649-4ED5-8DC1-BAFEFFB24798}.Release|x86.Build.0 = Release|Win32
		{BA2D42B1-7A56-4251-9DC3-59DE444754FC}.Debug|x64.ActiveCfg = Debug|x64
		{BA2D42B1-7A56-4251-9DC3-59DE444754FC}.Debug|x64.Build.0 = Debug|x64
		{BA2D42B1-7A56-4251-9DC3-59DE444754FC}.Debug|x86.ActiveCfg = Debug|Win32
		{BA2D42B1-7A56-4251-9DC3-59DE444754FC}.Debug|x86.Build.0 = Debug|Win32
		{BA2D42B1-7A56-4251-9DC3-59DE444754FC}.Release|x64.ActiveCfg = Release|x64
		{BA2D42B1-7A56-4251-9DC3-59DE444754FC}.Release|x64.Build.0 = Release|x64
		{BA2D42B1-7A56-4251-9DC3-59DE444754FC}.Release|x86.ActiveCfg = Release|Win32
		{BA2D42B1-7A56-4251-9DC3-59DE444754FC}.Release|x86.Build.0 = Release|Win32
		{B70A4743-853D-443F-9E5D-126569AE0170}.Debug|x64.ActiveCfg = Debug|x64
		{B70A4743-853D-443F-9E5D-126569AE0170}.Debug|x64.Build.0 = Debug|x64
		{B70A4743-853D-443F-9E5D-126569AE0170}.Debug|x86.ActiveCfg = Debug|Win32
		{B70A4743-853D-443F-9E5D-126569AE0170}.Debug|x86.Build.0 = Debug|Win32
		{B70A4743-853D-443F-9E5D-126569AE0170}.Release|x64.ActiveCfg = Release|x64
		{B70A4743-853D-443F-9E5D-126569AE0170}.Release|x64.Build.0 = Release|x64
		{B70A4743-853D-443F-9E5D-126569AE0170}.Release|x86.ActiveCfg = Release|Win32
		{B70A4743-853D-443F-9E5D-126569AE0170}.Release|x86.Build.0 = Release|Win32
		{36EA4205-B780-442A-A2C9-090AD69B0809}.Debug|x64.ActiveCfg = Debug|x64
		{36EA4205-B780-442A-A2C9-090AD69B0809}.Debug|x64.Build.0 = Debug|x64
		{36EA4205-B780-442A-A2C9-090AD69B0809}.Debug|x86.ActiveCfg = Debug|Win32
		{36EA4205-B780-442A-A2C9-090AD69B0809}.Debug|x86.Build.0 = Debug|Win32
		{36EA4205-B780-442A-A2C9-090AD69B0809}.Release|x64.ActiveCfg = Release|x64
		{36EA4205-B780-442A-A2C9-090AD69B0809}.Release|x64.Build.0 = Release|x64
		{36EA4205-B780-442A-A2C9-090AD69B0809}.Release|x86.ActiveCfg = Release|Win32
		{36EA4205-B780-442A-A2C9-090AD69B0809}.Release|x86.Build.0 = Release|Win32
		{4344C533-1C29-409F-A781-734407C39726}.Debug|x64.ActiveCfg = Debug|x64
		{4344C533-1C29-409F-A781-734407C39726}.Debug|x64.Build.0 = Debug|x64
		{4344C533-1C29-409F-A781-734407C39726}.Debug|x86.ActiveCfg = Debug|Win32
		{4344C533-1C29-409F-A781-734407C39726}.Debug|x86.Build.0 = Debug|Win32
		{4344C533-1C29-409F-A781-734407C39726}.Release|x64.ActiveCfg = Release|x64
		{4344C533-1C29-409F-A781-734407C39726}.Release|x64.Build.0 = Release|x64
		{4344C533-1C29-409F-A781-734407C39726}.Release|x86.ActiveCfg = Release|Win32
		{4344C533-1C29-409F-A781-734407C39726}.Release|x86.Build.0 = Release|Win32
		{6598FB49-D41A-40A2-8A99-7D1A4AACA3F3}.Debug|x64.ActiveCfg = Debug|x64
		{6598FB49-D41A-40A2-8A99-7D1A4AACA3F3}.Debug|x64.Build.0 = Debug|x64
		{6598FB49-D41A-40A2-8A99-7D1A4AACA3F3}.Debug|x86.ActiveCfg = Debug|Win32
		{6598FB49-D41A-40A2-8A99-7D1A4AACA3F3}.Debug|x86.Build.0 = Debug|Win32
		{6598FB49-D41A-40A2-8A99-7D1A4AACA3F3}.Release|x64.ActiveCfg = Release|x64
		{6598FB49-D41A-40A2-8A99-7D1A4AACA3F3}.Release|x64.Build.0 = Release|x64
		{6598FB49-D41A-40A2-8A99-7D1A4AACA3F3}.Release|x86.ActiveCfg = Release|Win32
		{6598FB49-D41A-40A2-8A99-7D1A4AACA3F3}.Release|x86.Build.0 = Release|Win32
		{DE2446EE-82D8-4947-8584-F0C7FD09B520}.Debug|x64.ActiveCfg = Debug|x64
		{DE2446EE-82D8-4947-8584-F0C7FD09B520}.Debug|x64.Build.0 = Debug|x64
		{DE2446EE-82D8-4947-8584-F0C7FD09B520}.Debug|x86.ActiveCfg = Debug|Win32
		{DE2446EE-82D8-4947-8584-F0C7FD09B520}.Debug|x86.Build.0 = Debug|Win32
		{DE2446EE-82D8-4947-8584-F0C7FD09B520}.Release|x64.ActiveCfg = Release|x64
		{DE2446EE-82D8-4947-8584-F0C7FD09B520}.Release|x64.Build.0 = Release|x64
		{DE2446EE-82D8-4947-8584-F0C7FD09B520}.Release|x86.ActiveCfg = Release|Win32
		{DE2446EE-82D8-4947-8584-F0C7FD09B520}.Release|x86.Build.0 = Release|Win32
		{00EB0BEA-9CCF-44D6-9F66-CEA59A60B029}.Debug|x64.ActiveCfg = Debug|x64
		{00EB0BEA-9CCF-44D6-9F66-CEA59A60B029}.Debug|x64.Build.0 = Debug|x64
		{00EB0BEA-9CCF-44D6-9F66-CEA59A60B029}.Debug|x86.ActiveCfg = Debug|Win32
		{00EB0BEA-9CCF-44D6-9F66-CEA59A60B029}.Debug|x86.Build.0 = Debug|Win32
		{00EB0BEA-9CCF-44D6-9F66-CEA59A60B029}.Release|x64.ActiveCfg = Release|x64
		{00EB0BEA-9CCF-44D6-9F66-CEA59A60B029}.Release|x64.Build.0 = Release|x64
		{00EB0BEA-9CCF-44D6-9F66-CEA59A60B029}.Release|x86.ActiveCfg = Release|Win32
		{00EB0BEA-9CCF-44D6-9F66-CEA59A60B029}.Release|x86.Build.0 = Release|Win32
		{E77B42AC-422E-4129-AFEA-C201C75F7664}.Debug|x64.ActiveCfg = Debug|x64
		{E77B42AC-422E-4129-AFEA-C201C75F7664}.Debug|x64.Build.0 = Debug|x64
		{E77B42AC-422E-4129-AFEA-C201C75F7664}.Debug|x86.ActiveCfg = Debug|Win32
		{E77B42AC-422E-4129-AFEA-C201C75F7664}.Debug|x86.Build.0 = Debug|Win32
		{E77B42AC-422E-4129-AFEA-C201C75F7664}.Release|x64.ActiveCfg = Release|x64
		{E77B42AC-422E-4129-AFEA-C201C75F7664}.Release|x64.Build.0 = Release|x64
		{E77B42AC-422E-4129-AFEA-C201C75F7664}.Release|x86.ActiveCfg = Release|Win32
		{E77B42AC-422E-4129-AFEA-C201C75F7664}.Release|x86.Build.0 = Release|Win32
		{887FA47C-1EE6-4375-9B6E-2BD3470A4769}.Debug|x64.ActiveCfg = Debug|x64
		{887FA47C-1EE6-4375-9B6E-2BD3470A4769}.Debug|x64.Build.0 = Debug|x64
		{887FA47C-1EE6-4375-9B6E-2BD3470A4769}.Debug|x86.ActiveCfg = Debug|Win32
		{887FA47C-1EE6-4375-9B6E-2BD3470A4769}.Debug|x86.Build.0 = Debug|Win32
		{887FA47C-1EE6-4375-9B6E-2BD3470A4769}.Release|x64.ActiveCfg = Release|x64
		{887FA47C-1EE6-4375-9B6E-2BD3470A4769}.Release|x64.Build.0 = Release|x64
		{887FA47C-1EE6-4375-9B6E-2BD3470A4769}.Release|x86.ActiveCfg = Release|Win32
		{887FA47C-1EE6-4375-9B6E-2BD3470A4769}.Release|x86.Build.0 = Release|Win32
		{9E57DC7E-BA79-4518-9626-292826A8FFA7}.Debug|x64.ActiveCfg = Debug|x64
		{9E57DC7E-BA79-4518-9626-292826A8FFA7}.Debug|x64.Build.0 = Debug|x64
		{9E57DC7E-BA79-4518-9626-292826A8FFA7}.Debug|x86.ActiveCfg = Debug|Win32
		{9E57DC7E-BA79-4518-9626-292826A8FFA7}.Debug|x86.Build.0 = Debug|Win32
		{9E57DC7E-BA79-4518-9626-292826A8FFA7}.Release|x64.ActiveCfg = Release|x64
		{9E57DC7E-BA79-4518-9626-292826A8FFA7}.Release|x64.Build.0 = Release|x64
		{9E57DC7E-BA79-4518-9626-292826A8FFA7}.Release|x86.ActiveCfg = Release|Win32
		{9E57DC7E-BA79-4518-9626-292826A8FFA7}.Release|x86.Build.0 = Release|Win32
		{F07D761D-366F-4EFB-8F58-BAC07BFAD513}.Debug|x64.ActiveCfg = Debug|x64
		{F07D761D-366F-4EFB-8F58-BAC07BFAD513}.Debug|x64.Build.0 = Debug|x64
		{F07D761D-366F-4EFB-8F58-BAC07BFAD513}.Debug|x86.ActiveCfg = Debug|Win32
		{F07D761D-366F-4EFB-8F58-BAC07BFAD513}.Debug|x86.Build.0 = Debug|Win32
		{F07D761D-366F-4EFB-8F58-BAC07BFAD513}.Release|x64.ActiveCfg = Release|x64
		{F07D761D-366F-4EFB-8F58-BAC07BFAD513}.Release|x64.Build.0 = Release|x64
		{F07D761D-366F-4EFB-8F58-BAC07BFAD513}.Release|x86.ActiveCfg = Release|Win32
		{F07D761D-366F-4EFB-8F58-BAC07BFAD513}.Release|x86.Build.0 = Release|Win32
		{B567A06F-64A3-4B8B-803C-4468A01B2870}.Debug|x64.ActiveCfg = Debug|x64
		{B567A06F-64A3-4B8B-803C-4468A01B2870}.Debug|x64.Build.0 = Debug|x64
		{B567A06F-64A3-4B8B-803C-4468A01B2870}.Debug|x86.ActiveCfg = Debug|Win32
		{B567A06F-64A3-4B8B-803C-4468A01B2870}.Debug|x86.Build.0 = Debug|Win32
		{B567A06F-64A3-4B8B-803C-4468A01B2870}.Release|x64.ActiveCfg = Release|x64
		{B567A06F-64A3-4B8B-803C-4468A01B2870}.Release|x64.Build.0 = Release|x64
		{B567A06F-64A3-4B8B-803C-4468A01B2870}.Release|x86.ActiveCfg = Release|Win32
		{B567A06F-64A3-4B8B-803C-4468A01B2870}.Release|x86.Build.0 = Release|Win32
		{861CA5DB-78CC-4423-AB5B-79AE96F87BF0}.Debug|x64.ActiveCfg = Debug|x64
		{861CA5DB-78CC-4423-AB5B-79AE96F87BF0}.Debug|x64.Build.0 = Debug|x64
		{861CA5DB-78CC-4423-AB5B-79AE96F87BF0}.Debug|x86.ActiveCfg = Debug|Win32
		{861CA5DB-78CC-4423-AB5B-79AE96F87BF0}.Debug|x86.Build.0 = Debug|Win32
		{861CA5DB-78CC-4423-AB5B-79AE96F87BF0}.Release|x64.ActiveCfg = Release|x64
		{861CA5DB-78CC-4423-AB5B-79AE96F87BF0}.Release|x64.Build.0 = Release|x64
		{861CA5DB-78CC-4423-AB5B-79AE96F87BF0}.Release|x86.ActiveCfg = Release|Win32
		{861CA5DB-78CC-4423-AB5B-79AE96F87BF0}.Release|x86.Build.0 = Release|Win32
		{C5D7B588-8A21-4E1F-8DCD-8D82799ABE38}.Debug|x64.ActiveCfg = Debug|x64
		{C5D7B588-8A21-4E1F-8DCD-8D82799ABE38}.Debug|x64.Build.0 = Debug|x64
		{C5D7B588-8A21-4E1F-8DCD-8D82799ABE38}.Debug|x86.ActiveCfg = Debug|Win32
		{C5D7B588-8A21-4E1F-8DCD-8D82799ABE38}.Debug|x86.Build.0 = Debug|Win32
		{C5D7B588-8A21-4E1F-8DCD-8D82799ABE38}.Release|x64.ActiveCfg = Release|x64
		{C5D7B588-8A21-4E1F-8DCD-8D82799ABE38}.Release|x64.Build.0 = Release|x64
		{C5D7B588-8A21-4E1F-8DCD-8D82799ABE38}.Release|x86.ActiveCfg = Release|Win32
		{C5D7B588-8A21-4E1F-8DCD-8D82799ABE38}.Release|x86.Build.0 = Release|Win32
		{6FED1150-6823-40E6-89CE-2B449FD5FB58}.Debug|x64.ActiveCfg = Debug|x64
		{6FED1150-6823-40E6-89CE-2B449FD5FB58}.Debug|x64.Build.0 = Debug|x64
		{6FED1150-6823-40E6-89CE-2B449FD5FB58}.Debug|x86.ActiveCfg = Debug|Win32
		{6FED1150-6823-40E6-89CE-2B449FD5FB58}.Debug|x86.Build.0 = Debug|Win32
		{6FED1150-6823-40E6-89CE-2B449FD5FB58}.Release|x64.ActiveCfg = Release|x64
		{6FED1150-6823-40E6-89CE-2B449FD5FB58}.Release|x64.Build.0 = Release|x64
		{6FED1150-6823-40E6-89CE-2B449FD5FB58}.Release|x86.ActiveCfg = Release|Win32
		{6FED1150-6823-40E6-89CE-2B449FD5FB58}.Release|x86.Build.0 = Release|Win32
		{7C4F7DF1-5667-480F-8FF0-5D63A4101B32}.Debug|x64.ActiveCfg = Debug|x64
		{7C4F7DF1-5667-480F-8FF0-5D63A4101B32}.Debug|x64.Build.0 = Debug|x64
		{7C4F7DF1-5667-480F-8FF0-5D63A4101B32}.Debug|x86.ActiveCfg = Debug|Win32
		{7C4F7DF1-5667-480F-8FF0-5D63A4101B32}.Debug|x86.Build.0 = Debug|Win32
		{7C4F7DF1-5667-480F-8FF0-5D63A4101B32}.Release|x64.ActiveCfg = Release|x64
		{7C4F7DF1-5667-480F-8FF0-5D63A4101B32}.Release|x64.Build.0 = Release|x64
		{7C4F7DF1-5667-480F-8FF0-5D63A4101B32}.Release|x86.ActiveCfg = Release|Win32
		{7C4F7DF1-5667-480F-8FF0-5D63A4101B32}.Release|x86.Build.0 = Release|Win32
		{B7413F32-D400-43B5-BBA6-B048EE39723A}.Debug|x64.ActiveCfg = Debug|x64
		{B7413F32-D400-43B5-BBA6-B048EE39723A}.Debug|x64.Build.0 = Debug|x64
		{B7413F32-D400-43B5-BBA6-B048EE39723A}.Debug|x86.ActiveCfg = Debug|Win32
		{B7413F32-D400-43B5-BBA6-B048EE39723A}.Debug|x86.Build.0 = Debug|Win32
		{B7413F32-D400-43B5-BBA6-B048EE39723A}.Release|x64.ActiveCfg = Release|x64
		{B7413F32-D400-43B5-BBA6-B048EE39723A}.Release|x64.Build.0 = Release|x64
		{B7413F32-D400-43B5-BBA6-B048EE39723A}.Release|x86.ActiveCfg = Release|Win32
		{B7413F32-D400-43B5-BBA6-B048EE39723A}.Release|x86.Build.0 = Release|Win32
		{EF753106-A029-4230-8A4F-1550354FBFEB}.Debug|x64.ActiveCfg = Debug|x64
		{EF753106-A029-4230-8A4F-1550354FBFEB}.Debug|x64.Build.0 = Debug|x64
		{EF753106-A029-4230-8A4F-1550354FBFEB}.Debug|x86.ActiveCfg = Debug|Win32
		{EF753106-A029-4230-8A4F-1550354FBFEB}.Debug|x86.Build.0 = Debug|Win32
		{EF753106-A029-4230-8A4F-1550354FBFEB}.Release|x64.ActiveCfg = Release|x64
		{EF753106-A029-4230-8A4F-1550354FBFEB}.Release|x64.Build.0 = Release|x64
		{EF753106-A029-4230-8A4F-1550354FBFEB}.Release|x86.ActiveCfg = Release|Win32
		{EF753106-A029-4230-8A4F-1550354FBFEB}.Release|x86.Build.0 = Release|Win32
		{18B90E35-6833-46FC-B870-A98D650F0217}.Debug|x64.ActiveCfg = Debug|x64
		{18B90E35-6833-46FC-B870-A98D650F0217}.Debug|x64.Build.0 = Debug|x64
		{18B90E35-6833-46FC-B870-A98D650F0217}.Debug|x86.ActiveCfg = Debug|Win32
		{18B90E35-6833-46FC-B870-A98D650F0217}.Debug|x86.Build.0 = Debug|Win32
		{18B90E35-6833-46FC-B870-A98D650F0217}.Release|x64.ActiveCfg = Release|x64
		{18B90E35-6833-46FC-B870-A98D650F0217}.Release|x64.Build.0 = Release|x64
		{18B90E35-6833-46FC-B870-A98D650F0217}.Release|x86.ActiveCfg = Release|Win32
		{18B90E35-6833-46FC-B870-A98D650F0217}.Release|x86.Build.0 = Release|Win32
		{F90D9186-E7F2-4A18-9026-E87385201973}.Debug|x64.ActiveCfg = Debug|x64
		{F90D9186-E7F2-4A18-9026-E87385201973}.Debug|x64.Build.0 = Debug|x64
		{F90D9186-E7F2-4A18-9026-E87385201973}.Debug|x86.ActiveCfg = Debug|Win32
		{F90D9186-E7F2-4A18-9026-E87385201973}.Debug|x86.Build.0 = Debug|Win32
		{F90D9186-E7F2-4A18-9026-E87385201973}.Release|x64.ActiveCfg = Release|x64
		{F90D9186-E7F2-4A18-9026-E87385201973}.Release|x64.Build.0 = Release|x64
		{F90D9186-E7F2-4A18-9026-E87385201973}.Release|x86.ActiveCfg = Release|Win32
		{F90D9186-E7F2-4A18-9026-E87385201973}.Release|x86.Build.0 = Release|Win32
		{EC828F83-E7E0-4D72-843C-B228CCD5CA47}.Debug|x64.ActiveCfg = Debug|x64
		{EC828F83-E7E0-4D72-843C-B228CCD5CA47}.Debug|x64.Build.0 = Debug|x64
		{EC828F83-E7E0-4D72-843C-B228CCD5CA47}.Debug|x86.ActiveCfg = Debug|Win32
		{EC828F83-E7E0-4D72-843C-B228CCD5CA47}.Debug|x86.Build.0 = Debug|Win32
		{EC828F83-E7E0-4D72-843C-B228CCD5CA47}.Release|x64.ActiveCfg = Release|x64
		{EC828F83-E7E0-4D72-843C-B228CCD5CA47}.Release|x64.Build.0 = Release|x64
		{EC828F83-E7E0-4D72-843C-B228CCD5CA47}.Release|x86.ActiveCfg = Release|Win32
		{EC828F83-E7E0-4D72-843C-B228CCD5CA47}.Release|x86.Build.0 = Release|Win32
		{603B09A0-01C9-4D89-B3A8-8E55FA488EA1}.Debug|x64.ActiveCfg = Debug|x64
		{603B09A0-01C9-4D89-B3A8-8E55FA488EA1}.Debug|x64.Build.0 = Debug|x64
		{603B09A0-01C9-4D89-B3A8-8E55FA488EA1}.Debug|x86.ActiveCfg = Debug|Win32
		{603B09A0-01C9-4D89-B3A8-8E55FA488EA1}.Debug|x86.Build.0 = Debug|Win32
		{603B09A0-01C9-4D89-B3A8-8E55FA488EA1}.Release|x64.ActiveCfg = Release|x64
		{603B09A0-01C9-4D89-B3A8-8E55FA488EA1}.Release|x64.Build.0 = Release|x64
		{603B09A0-01C9-4D89-B3A8-8E55FA488EA1}.Release|x86.ActiveCfg = Release|Win32
		{603B09A0-01C9-4D89-B3A8-8E55FA488EA1}.Release|x86.Build.0 = Release|Win32
		{F52AFFEB-E614-4B0E-8F0C-C0702F3B5749}.Debug|x64.ActiveCfg = Debug|x64
		{F52AFFEB-E614-4B0E-8F0C-C0702F3B5749}.Debug|x64.Build.0 = Debug|x64
		{F52AFFEB-E614-4B0E-8F0C-C0702F3B5749}.Debug|x86.ActiveCfg = Debug|Win32
		{F52AFFEB-E614-4B0E-8F0C-C0702F3B5749}.Debug|x86.Build.0 = Debug|Win32
		{F52AFFEB-E614-4B0E-8F0C-C0702F3B5749}.Release|x64.ActiveCfg = Release|x64
		{F52AFFEB-E614-4B0E-8F0C-C0702F3B5749}.Release|x64.Build.0 = Release|x64
		{F52AFFEB-E614-4B0E-8F0C-C0702F3B5749}.Release|x86.ActiveCfg = Release|Win32
		{F52AFFEB-E614-4B0E-8F0C-C0702F3B5749}.Release|x86.Build.0 = Release|Win32
		{57EC9F1B-9024-4F40-82E5-7C9AA738E951}.Debug|x64.ActiveCfg = Debug|x64
		{57EC9F1B-9024-4F40-82E5-7C9AA738E951}.Debug|x64.Build.0 = Debug|x64
		{57EC9F1B-9024-4F40-82E5-7C9AA738E951}.Debug|x86.ActiveCfg = Debug|Win32
		{57EC9F1B-9024-4F40-82E5-7C9AA738E951}.Debug|x86.Build.0 = Debug|Win32
		{57EC9F1B-9024-4F40-82E5-7C9AA738E951}.Release|x64.ActiveCfg = Release|x64
		{57EC9F1B-9024-4F40-82E5-7C9AA738E951}.Release|x64.Build.0 = Release|x64
		{57EC9F1B-9024-4F40-82E5-7C9AA738E951}.Release|x86.ActiveCfg = Release|Win32
		{57EC9F1B-9024-4F40-82E5-7C9AA738E951}.Release|x86.Build.0 = Release|Win32
		{78552474-B111-4DE9-9231-A8DDFF62B9AB}.Debug|x64.ActiveCfg = Debug|x64
		{78552474-B111-4DE9-9231-A8DDFF62B9AB}.Debug|x64.Build.0 = Debug|x64
		{78552474-B111-4DE9-9231-A8DDFF62B9AB}.Debug|x86.ActiveCfg = Debug|Win32
		{78552474-B111-4DE9-9231-A8DDFF62B9AB}.Debug|x86.Build.0 = Debug|Win32
		{78552474-B111-4DE9-9231-A8DDFF62B9AB}.Release|x64.ActiveCfg = Release|x64
		{78552474-B111-4DE9-9231-A8DDFF62B9AB}.Release|x64.Build.0 = Release|x64
		{78552474-B111-4DE9-9231-A8DDFF62B9AB}.Release|x86.ActiveCfg = Release|Win32
		{78552474-B111-4DE9-9231-A8DDFF62B9AB}.Release|x86.Build.0 = Release|Win32
		{03262B17-2705-43DF-B666-E67157054490}.Debug|x64.ActiveCfg = Debug|x64
		{03262B17-2705-43DF-B666-E67157054490}.Debug|x64.Build.0 = Debug|x64
		{03262B17-2705-43DF-B666-E67157054490}.Debug|x86.ActiveCfg = Debug|Win32
		{03262B17-2705-43DF-B666-E67157054490}.Debug|x86.Build.0 = Debug|Win32
		{03262B17-2705-43DF-B666-E67157054490}.Release|x64.ActiveCfg = Release|x64
		{03262B17-2705-43DF-B666-E67157054490}.Release|x64.Build.0 = Release|x64
		{03262B17-2705-43DF-B666-E67157054490}.Release|x86.ActiveCfg = Release|Win32
		{03262B17-2705-43DF-B666-E67157054490}.Release|x86.Build.0 = Release|Win32
		{6A7CF46F-2518-4B6F-AC8A-4BDA2D1C9649}.Debug|x64.ActiveCfg = Debug|x64
		{6A7CF46F-2518-4B6F-AC8A-4BDA2D1C9649}.Debug|x64.Build.0 = Debug|x64
		{6A7CF46F-2518-4B6F-AC8A-4BDA2D1C9649}.Debug|x86.ActiveCfg = Debug|Win32
		{6A7CF46F-2518-4B6F-AC8A-4BDA2D1C9649}.Debug|x86.Build.0 = Debug|Win32
		{6A7CF46F-2518-4B6F-AC8A-4BDA2D1C9649}.Release|x64.ActiveCfg = Release|x64
		{6A7CF46F-2518-4B6F-AC8A-4BDA2D1C9649}.Release|x64.Build.0 = Release|x64
		{6A7CF46F-2518-4B6F-AC8A-4BDA2D1C9649}.Release|x86.ActiveCfg = Release|Win32
		{6A7CF46F-2518-4B6F-AC8A-4BDA2D1C9649}.Release|x86.Build.0 = Release|Win32
		{326B5266-6081-43DC-BFBC-AB0DBF6EE4C5}.Debug|x64.ActiveCfg = Debug|x64
		{326B5266-6081-43DC-BFBC-AB0DBF6EE4C5}.Debug|x64.Build.0 = Debug|x64
		{326B5266-6081-43DC-BFBC-AB0DBF6EE4C5}.Debug|x86.ActiveCfg = Debug|Win32
		{326B5266-6081-43DC-BFBC-AB0DBF6EE4C5}.Debug|x86.Build.0 = Debug|Win32
		{326B5266-6081-43DC-BFBC-AB0DBF6EE4C5}.Release|x64.ActiveCfg = Release|x64
		{326B5266-6081-43DC-BFBC-AB0DBF6EE4C5}.Release|x64.Build.0 = Release|x64
		{326B5266-6081-43DC-BFBC-AB0DBF6EE4C5}.Release|x86.ActiveCfg = Release|Win32
		{326B5266-6081-43DC-BFBC-AB0DBF6EE4C5}.Release|x86.Build.0 = Release|Win32
		{4C17B033-26EB-476C-A9FE-BC14471223FE}.Debug|x64.ActiveCfg = Debug|x64
		{4C17B033-26EB-476C-A9FE-BC14471223FE}.Debug|x64.Build.0 = Debug|x64
		{4C17B033-26EB-476C-A9FE-BC14471223FE}.Debug|x86.ActiveCfg = Debug|Win32
		{4C17B033-26EB-476C-A9FE-BC14471223FE}.Debug|x86.Build.0 = Debug|Win32
		{4C17B033-26EB-476C-A9FE-BC14471223FE}.Release|x64.ActiveCfg = Release|x64
		{4C17B033-26EB-476C-A9FE-BC14471223FE}.Release|x64.Build.0 = Release|x64
		{4C17B033-26EB-476C-A9FE-BC14471223FE}.Release|x86.ActiveCfg = Release|Win32
		{4C17B033-26EB-476C-A9FE-BC14471223FE}.Release|x86.Build.0 = Release|Win32
		{8D50D8DC-DEF1-406F-8090-6D0431D4DFF1}.Debug|x64.ActiveCfg = Debug|x64
		{8D50D8DC-DEF1-406F-8090-6D0431D4DFF1}.Debug|x64.Build.0 = Debug|x64
		{8D50D8DC-DEF1-406F-8090-6D0431D4DFF1}.Debug|x86.ActiveCfg = Debug|Win32
		{8D50D8DC-DEF1-406F-8090-6D0431D4DFF1}.Debug|x86.Build.0 = Debug|Win32
		{8D50D8DC-DEF1-406F-8090-6D0431D4DFF1}.Release|x64.ActiveCfg = Release|x64
		{8D50D8DC-DEF1-406F-8090-6D0431D4DFF1}.Release|x64.Build.0 = Release|x64
		{8D50D8DC-DEF1-406F-8090-6D0431D4DFF1}.Release|x86.ActiveCfg = Release|Win32
		{8D50D8DC-DEF1-406F-8090-6D0431D4DFF1}.Release|x86.Build.0 = Release|Win32
		{F0BA0D73-8A99-40DD-B29C-5A8F56DCD1D7}.Debug|x64.ActiveCfg = Debug|x64
		{F0BA0D73-8A99-40DD-B29C-5A8F56DCD1D7}.Debug|x64.Build.0 = Debug|x64
		{F0BA0D73-8A99-40DD-B29C-5A8F56DCD1D7}.Debug|x86.ActiveCfg = Debug|Win32
		{F0BA0D73-8A99-40DD-B29C-5A8F56DCD1D7}.Debug|x86.Build.0 = Debug|Win32
		{F0BA0D73-8A99-40DD-B29C-5A8F56DCD1D7}.Release|x64.ActiveCfg = Release|x64
		{F0BA0D73-8A99-40DD-B29C-5A8F56DCD1D7}.Release|x64.Build.0 = Release|x64
		{F0BA0D73-8A99-40DD-B29C-5A8F56DCD1D7}.Release|x86.ActiveCfg = Release|Win32
		{F0BA0D73-8A99-40DD-B29C-5A8F56DCD1D7}.Release|x86.Build.0 = Release|Win32
		{65300DDC-4042-4B3B-9AF5-70B776F50612}.Debug|x64.ActiveCfg = Debug|x64
		{65300DDC-4042-4B3B-9AF5-70B776F50612}.Debug|x64.Build.0 = Debug|x64
		{65300DDC-4042-4B3B-9AF5-70B776F50612}.Debug|x86.ActiveCfg = Debug|Win32
		{65300DDC-4042-4B3B-9AF5-70B776F50612}.Debug|x86.Build.0 = Debug|Win32
		{65300DDC-4042-4B3B-9AF5-70B776F50612}.Release|x64.ActiveCfg = Release|x64
		{65300DDC-4042-4B3B-9AF5-70B776F50612}.Release|x64.Build.0 = Release|x64
		{65300DDC-4042-4B3B-9AF5-70B776F50612}.Release|x86.ActiveCfg = Release|Win32
		{65300DDC-4042-4B3B-9AF5-70B776F50612}.Release|x86.Build.0 = Release|Win32
		{56895C04-800C-4748-92C4-D62924F7940C}.Debug|x64.ActiveCfg = Debug|x64
		{56895C04-800C-4748-92C4-D62924F7940C}.Debug|x64.Build.0 = Debug|x64
		{56895C04-800C-4748-92C4-D62924F7940C}.Debug|x86.ActiveCfg = Debug|Win32
		{56895C04-800C-4748-92C4-D62924F7940C}.Debug|x86.Build.0 = Debug|Win32
		{56895C04-800C-4748-92C4-D62924F7940C}.Release|x64.ActiveCfg = Release|x64
		{56895C04-800C-4748-92C4-D62924F7940C}.Release|x64.Build.0 = Release|x64
		{56895C04-800C-4748-92C4-D62924F7940C}.Release|x86.ActiveCfg = Release|Win32
		{56895C04-800C-4748-92C4-D62924F7940C}.Release|x86.Build.0 = Release|Win32
		{53FD710A-0D3E-4E46-B8D3-E8212E89C16F}.Debug|x64.ActiveCfg = Debug|x64
		{53FD710A-0D3E-4E46-B8D3-E8212E89C16F}.Debug|x64.Build.0 = Debug|x64
		{53FD710A-0D3E-4E46-B8D3-E8212E89C16F}.Debug|x86.ActiveCfg = Debug|Win32
		{53FD710A-0D3E-4E46-B8D3-E8212E89C16F}.Debug|x86.Build.0 = Debug|Win32
		{53FD710A-0D3E-4E46-B8D3-E8212E89C16F}.Release|x64.ActiveCfg = Release|x64
		{53FD710A-0D3E-4E46-B8D3-E8212E89C16F}.Release|x64.Build.0 = Release|x64
		{53FD710A-0D3E-4E46-B8D3-E8212E89C16F}.Release|x86.ActiveCfg = Release|Win32
		{53FD710A-0D3E-4E46-B8D3-E8212E89C16F}.Release|x86.Build.0 = Release|Win32
		{A8EF7142-A59C-4BB4-AB22-FB47D6316E9E}.Debug|x64.ActiveCfg = Debug|x64
		{A8EF7142-A59C-4BB4-AB22-FB47D6316E9E}.Debug|x64.Build.0 = Debug|x64
		{A8EF7142-A59C-4BB4-AB22-FB47D6316E9E}.Debug|x86.ActiveCfg = Debug|Win32
		{A8EF7142-A59C-4BB4-AB22-FB47D6316E9E}.Debug|x86.Build.0 = Debug|Win32
		{A8EF7142-A59C-4BB4-AB22-FB47D6316E9E}.Release|x64.ActiveCfg = Release|x64
		{A8EF7142-A59C-4BB4-AB22-FB47D6316E9E}.Release|x64.Build.0 = Release|x64
		{A8EF7142-A59C-4BB4-AB22-FB47D6316E9E}.Release|x86.ActiveCfg = Release|Win32
		{A8EF7142-A59C-4BB4-AB22-FB47D6316E9E}.Release|x86.Build.0 = Release|Win32
		{6D4DE4C1-BA14-4103-8CE0-2E9C86B2CF33}.Debug|x64.ActiveCfg = Debug|x64
		{6D4DE4C1-BA14-4103-8CE0-2E9C86B2CF33}.Debug|x64.Build.0 = Debug|x64
		{6D4DE4C1-BA14-4103-8CE0-2E9C86B2CF33}.Debug|x86.ActiveCfg = Debug|Win32
		{6D4DE4C1-BA14-4103-8CE0-2E9C86B2CF33}.Debug|x86.Build.0 = Debug|Win32
		{6D4DE4C1-BA14-4103-8CE0-2E9C86B2CF33}.Release|x64.ActiveCfg = Release|x64
		{6D4DE4C1-BA14-4103-8CE0-2E9C86B2CF33}.Release|x64.Build.0 = Release|x64
		{6D4DE4C1-BA14-4103-8CE0-2E9C86B2CF33}.Release|x86.ActiveCfg = Release|Win32
		{6D4DE4C1-BA14-4103-8CE0-2E9C86B2CF33}.Release|x86.Build.0 = Release|Win32
		{D16FE5CE-003D-47D5-B7EB-B41E10AF8F11}.Debug|x64.ActiveCfg = Debug|x64
		{D16FE5CE-003D-47D5-B7EB-B41E10AF8F11}.Debug|x64.Build.0 = Debug|x64
		{D16FE5CE-003D-47D5-B7EB-B41E10AF8F11}.Debug|x86.ActiveCfg = Debug|Win32
		{D16FE5CE-003D-47D5-B7EB-B41E10AF8F11}.Debug|x86.Build.0 = Debug|Win32
		{D16FE5CE-003D-47D5-B7EB-B41E10AF8F11}.Release|x64.ActiveCfg = Release|x64
		{D16FE5CE-003D-47D5-B7EB-B41E10AF8F11}.Release|x64.Build.0 = Release|x64
		{D16FE5CE-003D-47D5-B7EB-B41E10AF8F11}.Release|x86.ActiveCfg = Release|Win32
		{D16FE5CE-003D-47D5-B7EB-B41E10AF8F11}.Release|x86.Build.0 = Release|Win32
		{19A3C41B-001A-4840-8805-EA9010FBE61B}.Debug|x64.ActiveCfg = Debug|x64
		{19A3C41B-001A-4840-8805-EA9010FBE61B}.Debug|x64.Build.0 = Debug|x64
		{19A3C41B-001A-4840-8805-EA9010FBE61B}.Debug|x86.ActiveCfg = Debug|Win32
		{19A3C41B-001A-4840-8805-EA9010FBE61B}.Debug|x86.Build.0 = Debug|Win32
		{19A3C41B-001A-4840-8805-EA9010FBE61B}.Release|x64.ActiveCfg = Release|x64
		{19A3C41B-001A-4840-8805-EA9010FBE61B}.Release|x64.Build.0 = Release|x64
		{19A3C41B-001A-4840-8805-EA9010FBE61B}.Release|x86.ActiveCfg = Release|Win32
		{19A3C41B-001A-4840-8805-EA9010FBE61B}.Release|x86.Build.0 = Release|Win32
		{3C14FAB4-E7D5-421F-AB41-F80742771808}.Debug|x64.ActiveCfg = Debug|x64
		{3C14FAB4-E7D5-421F-AB41-F80742771808}.Debug|x64.Build.0 = Debug|x64
		{3C14FAB4-E7D5-421F-AB41-F80742771808}.Debug|x86.ActiveCfg = Debug|Win32
		{3C14FAB4-E7D5-421F-AB41-F80742771808}.Debug|x86.Build.0 = Debug|Win32
		{3C14FAB4-E7D5-421F-AB41-F80742771808}.Release|x64.ActiveCfg = Release|x64
		{3C14FAB4-E7D5-421F-AB41-F80742771808}.Release|x64.Build.0 = Release|x64
		{3C14FAB4-E7D5-421F-AB41-F80742771808}.Release|x86.ActiveCfg = Release|Win32
		{3C14FAB4-E7D5-421F-AB41-F80742771808}.Release|x86.Build.0 = Release|Win32
		{9F2566DF-9E57-4DF2-B89A-249A22DD78C0}.Debug|x64.ActiveCfg = Debug|x64
		{9F2566DF-9E57-4DF2-B89A-249A22DD78C0}.Debug|x64.Build.0 = Debug|x64
		{9F2566DF-9E57-4DF2-B89A-249A22DD78C0}.Debug|x86.ActiveCfg = Debug|Win32
		{9F2566DF-9E57-4DF2-B89A-249A22DD78C0}.Debug|x86.Build.0 = Debug|Win32
		{9F2566DF-9E57-4DF2-B89A-249A22DD78C0}.Release|x64.ActiveCfg = Release|x64
		{9F2566DF-9E57-4DF2-B89A-249A22DD78C0}.Release|x64.Build.0 = Release|x64
		{9F2566DF-9E57-4DF2-B89A-249A22DD78C0}.Release|x86.ActiveCfg = Release|Win32
		{9F2566DF-9E57-4DF2-B89A-249A22DD78C0}.Release|x86.Build.0 = Release|Win32
		{B4E8D4F8-6ADB-43E5-A639-3C6E88EE4EC5}.Debug|x64.ActiveCfg = Debug|x64
		{B4E8D4F8-6ADB-43E5-A639-3C6E88EE4EC5}.Debug|x64.Build.0 = Debug|x64
		{B4E8D4F8-6ADB-43E5-A639-3C6E88EE4EC5}.Debug|x86.ActiveCfg = Debug|Win32
		{B4E8D4F8-6ADB-43E5-A639-3C6E88EE4EC5}.Debug|x86.Build.0 = Debug|Win32
		{B4E8D4F8-6ADB-43E5-A639-3C6E88EE4EC5}.Release|x64.ActiveCfg = Release|x64
		{B4E8D4F8-6ADB-43E5-A639-3C6E88EE4EC5}.Release|x64.Build.0 = Release|x64
		{B4E8D4F8-6ADB-43E5-A639-3C6E88EE4EC5}.Release|x86.ActiveCfg = Release|Win32
		{B4E8D4F8-6ADB-43E5-A639-3C6E88EE4EC5}.Release|x86.Build.0 = Release|Win32
		{DCFA86A9-D481-4F51-AF9E-8C65A05FF5B7}.Debug|x64.ActiveCfg = Debug|x64
		{DCFA86A9-D481-4F51-AF9E-8C65A05FF5B7}.Debug|x64.Build.0 = Debug|x64
		{DCFA86A9-D481-4F51-AF9E-8C65A05FF5B7}.Debug|x86.ActiveCfg = Debug|Win32
		{DCFA86A9-D481-4F51-AF9E-8C65A05FF5B7}.Debug|x86.Build.0 = Debug|Win32
		{DCFA86A9-D481-4F51-AF9E-8C65A05FF5B7}.Release|x64.ActiveCfg = Release|x64
		{DCFA86A9-D481-4F51-AF9E-8C65A05FF5B7}.Release|x64.Build.0 = Release|x64
		{DCFA86A9-D481-4F51-AF9E-8C65A05FF5B7}.Release|x86.ActiveCfg = Release|Win32
		{DCFA86A9-D481-4F51-AF9E-8C65A05FF5B7}.Release|x86.Build.0 = Release|Win32
		{EE2DFCA0-CD5D-4109-97D5-964403F5B007}.Debug|x64.ActiveCfg = Debug|x64
		{EE2DFCA0-CD5D-4109-97D5-964403F5B007}.Debug|x64.Build.0 = Debug|x64
		{EE2DFCA0-CD5D-4109-97D5-964403F5B007}.Debug|x86.ActiveCfg = Debug|Win32
		{EE2DFCA0-CD5D-4109-97D5-964403F5B007}.Debug|x86.Build.0 = Debug|Win32
		{EE2DFCA0-CD5D-4109-97D5-964403F5B007}.Release|x64.ActiveCfg = Release|x64
		{EE2DFCA0-CD5D-4109-97D5-964403F5B007}.Release|x64.Build.0 = Release|x64
		{EE2DFCA0-CD5D-4109-97D5-964403F5B007}.Release|x86.ActiveCfg = Release|Win32
		{EE2DFCA0-CD5D-4109-97D5-964403F5B007}.Release|x86.Build.0 = Release|Win32
		{E004F414-9073-4C61-9173-C66C92E988F7}.Debug|x64.ActiveCfg = Debug|x64
		{E004F414-9073-4C61-9173-C66C92E988F7}.Debug|x64.Build.0 = Debug|x64
		{E004F414-9073-4C61-9173-C66C92E988F7}.Debug|x86.ActiveCfg = Debug|Win32
		{E004F414-9073-4C61-9173-C66C92E988F7}.Debug|x86.Build.0 = Debug|Win32
		{E004F414-9073-4C61-9173-C66C92E988F7}.Release|x64.ActiveCfg = Release|x64
		{E004F414-9073-4C61-9173-C66C92E988F7}.Release|x64.Build.0 = Release|x64
		{E004F414-9073-4C61-9173-C66C92E988F7}.Release|x86.ActiveCfg = Release|Win32
		{E004F414-9073-4C61-9173-C66C92E988F7}.Release|x86.Build.0 = Release|Win32
	EndGlobalSection
	GlobalSection(SolutionProperties) = preSolution
		HideSolutionNode = FALSE
	EndGlobalSection
	GlobalSection(NestedProjects) = preSolution
		{70FC7154-6E89-4A18-AF39-0F24E39C81CD} = {E6BF647E-8AB9-48A7-B03E-8D5D4B1A649C}
		{34B2B752-93E3-489A-B645-6FD63D9E4D14} = {E6BF647E-8AB9-48A7-B03E-8D5D4B1A649C}
		{D179D086-F88A-45B6-A63A-BE3B18FDB59A} = {E6BF647E-8AB9-48A7-B03E-8D5D4B1A649C}
		{D567B7AE-8661-4A7C-8E83-C177F6B44C56} = {E6BF647E-8AB9-48A7-B03E-8D5D4B1A649C}
		{BF512C55-F649-4ED5-8DC1-BAFEFFB24798} = {E6BF647E-8AB9-48A7-B03E-8D5D4B1A649C}
		{BA2D42B1-7A56-4251-9DC3-59DE444754FC} = {E6BF647E-8AB9-48A7-B03E-8D5D4B1A649C}
		{B70A4743-853D-443F-9E5D-126569AE0170} = {E6BF647E-8AB9-48A7-B03E-8D5D4B1A649C}
		{36EA4205-B780-442A-A2C9-090AD69B0809} = {E6BF647E-8AB9-48A7-B03E-8D5D4B1A649C}
		{4344C533-1C29-409F-A781-734407C39726} = {E6BF647E-8AB9-48A7-B03E-8D5D4B1A649C}
		{6598FB49-D41A-40A2-8A99-7D1A4AACA3F3} = {E6BF647E-8AB9-48A7-B03E-8D5D4B1A649C}
		{DE2446EE-82D8-4947-8584-F0C7FD09B520} = {26F518D1-17C5-419A-BA4D-FA5BEA59E719}
		{00EB0BEA-9CCF-44D6-9F66-CEA59A60B029} = {26F518D1-17C5-419A-BA4D-FA5BEA59E719}
		{E77B42AC-422E-4129-AFEA-C201C75F7664} = {26F518D1-17C5-419A-BA4D-FA5BEA59E719}
		{887FA47C-1EE6-4375-9B6E-2BD3470A4769} = {26F518D1-17C5-419A-BA4D-FA5BEA59E719}
		{9E57DC7E-BA79-4518-9626-292826A8FFA7} = {26F518D1-17C5-419A-BA4D-FA5BEA59E719}
		{F07D761D-366F-4EFB-8F58-BAC07BFAD513} = {26F518D1-17C5-419A-BA4D-FA5BEA59E719}
		{B567A06F-64A3-4B8B-803C-4468A01B2870} = {26F518D1-17C5-419A-BA4D-FA5BEA59E719}
		{861CA5DB-78CC-4423-AB5B-79AE96F87BF0} = {26F518D1-17C5-419A-BA4D-FA5BEA59E719}
		{C5D7B588-8A21-4E1F-8DCD-8D82799ABE38} = {26F518D1-17C5-419A-BA4D-FA5BEA59E719}
		{6FED1150-6823-40E6-89CE-2B449FD5FB58} = {26F518D1-17C5-419A-BA4D-FA5BEA59E719}
		{7C4F7DF1-5667-480F-8FF0-5D63A4101B32} = {26F518D1-17C5-419A-BA4D-FA5BEA59E719}
		{B7413F32-D400-43B5-BBA6-B048EE39723A} = {26F518D1-17C5-419A-BA4D-FA5BEA59E719}
		{EF753106-A029-4230-8A4F-1550354FBFEB} = {26F518D1-17C5-419A-BA4D-FA5BEA59E719}
		{18B90E35-6833-46FC-B870-A98D650F0217} = {26F518D1-17C5-419A-BA4D-FA5BEA59E719}
		{F90D9186-E7F2-4A18-9026-E87385201973} = {A7419C92-7AC3-4ECB-9253-D360809082FD}
		{EC828F83-E7E0-4D72-843C-B228CCD5CA47} = {A7419C92-7AC3-4ECB-9253-D360809082FD}
		{603B09A0-01C9-4D89-B3A8-8E55FA488EA1} = {A7419C92-7AC3-4ECB-9253-D360809082FD}
		{F52AFFEB-E614-4B0E-8F0C-C0702F3B5749} = {A7419C92-7AC3-4ECB-9253-D360809082FD}
		{57EC9F1B-9024-4F40-82E5-7C9AA738E951} = {A7419C92-7AC3-4ECB-9253-D360809082FD}
		{78552474-B111-4DE9-9231-A8DDFF62B9AB} = {A7419C92-7AC3-4ECB-9253-D360809082FD}
		{03262B17-2705-43DF-B666-E67157054490} = {A7419C92-7AC3-4ECB-9253-D360809082FD}
		{6A7CF46F-2518-4B6F-AC8A-4BDA2D1C9649} = {A7419C92-7AC3-4ECB-9253-D360809082FD}
		{326B5266-6081-43DC-BFBC-AB0DBF6EE4C5} = {A7419C92-7AC3-4ECB-9253-D360809082FD}
		{4C17B033-26EB-476C-A9FE-BC14471223FE} = {A7419C92-7AC3-4ECB-9253-D360809082FD}
		{8D50D8DC-DEF1-406F-8090-6D0431D4DFF1} = {A7419C92-7AC3-4ECB-9253-D360809082FD}
		{F0BA0D73-8A99-40DD-B29C-5A8F56DCD1D7} = {A7419C92-7AC3-4ECB-9253-D360809082FD}
		{65300DDC-4042-4B3B-9AF5-70B776F50612} = {A7419C92-7AC3-4ECB-9253-D360809082FD}
		{56895C04-800C-4748-92C4-D62924F7940C} = {027FD5F2-4354-4C88-A0F5-D5144C89B7C5}
		{53FD710A-0D3E-4E46-B8D3-E8212E89C16F} = {027FD5F2-4354-4C88-A0F5-D5144C89B7C5}
		{A8EF7142-A59C-4BB4-AB22-FB47D6316E9E} = {027FD5F2-4354-4C88-A0F5-D5144C89B7C5}
		{6D4DE4C1-BA14-4103-8CE0-2E9C86B2CF33} = {027FD5F2-4354-4C88-A0F5-D5144C89B7C5}
		{D16FE5CE-003D-47D5-B7EB-B41E10AF8F11} = {027FD5F2-4354-4C88-A0F5-D5144C89B7C5}
		{19A3C41B-001A-4840-8805-EA9010FBE61B} = {027FD5F2-4354-4C88-A0F5-D5144C89B7C5}
		{3C14FAB4-E7D5-421F-AB41-F80742771808} = {027FD5F2-4354-4C88-A0F5-D5144C89B7C5}
		{9F2566DF-9E57-4DF2-B89A-249A22DD78C0} = {027FD5F2-4354-4C88-A0F5-D5144C89B7C5}
		{DCFA86A9-D481-4F51-AF9E-8C65A05FF5B7} = {E6BF647E-8AB9-48A7-B03E-8D5D4B1A649C}
		{EE2DFCA0-CD5D-4109-97D5-964403F5B007} = {027FD5F2-4354-4C88-A0F5-D5144C89B7C5}
		{E004F414-9073-4C61-9173-C66C92E988F7} = {A7419C92-7AC3-4ECB-9253-D360809082FD}
	EndGlobalSection
	GlobalSection(ExtensibilityGlobals) = postSolution
		SolutionGuid = {0C180943-6725-46C9-BA65-9F0CC43710EC}
	EndGlobalSection
EndGlobal
